dependencies:
- name: mongodb
  repository: https://charts.bitnami.com/bitnami
  version: 16.5.40
- name: mongodb
  repository: https://charts.bitnami.com/bitnami
  version: 16.5.40
- name: redis
  repository: https://charts.bitnami.com/bitnami
  version: 22.0.1
digest: sha256:ef71842094f8beaf5fa99d730b317cad8631bb8433c975cb6f4beec12a1df423
generated: "2025-08-21T20:00:57.490348+02:00"
